// !$*UTF8*$!
{
	archiveVersion = 1;
	classes = {
	};
	objectVersion = 50;
	objects = {

/* Begin PBXBuildFile section */
		19B3117224A77A6B0069B925 /* WaterfallViewController.m in Sources */ = {isa = PBXBuildFile; fileRef = 19B3117124A77A6B0069B925 /* WaterfallViewController.m */; };
		19B3117524A77DCD0069B925 /* WaterfallViewCell.m in Sources */ = {isa = PBXBuildFile; fileRef = 19B3117424A77DCD0069B925 /* WaterfallViewCell.m */; };
		19E57BB9249F421900BEAD0B /* AppDelegate.m in Sources */ = {isa = PBXBuildFile; fileRef = 19E57BB8249F421900BEAD0B /* AppDelegate.m */; };
		19E57BBB249F421F00BEAD0B /* Assets.xcassets in Resources */ = {isa = PBXBuildFile; fileRef = 19E57BBA249F421F00BEAD0B /* Assets.xcassets */; };
		19E57BBE249F421F00BEAD0B /* LaunchScreen.storyboard in Resources */ = {isa = PBXBuildFile; fileRef = 19E57BBC249F421F00BEAD0B /* LaunchScreen.storyboard */; };
		19E57BC1249F421F00BEAD0B /* main.m in Sources */ = {isa = PBXBuildFile; fileRef = 19E57BC0249F421F00BEAD0B /* main.m */; };
		19E57BCC249F5D8200BEAD0B /* WaterfallViewLayout.m in Sources */ = {isa = PBXBuildFile; fileRef = 19E57BCB249F5D8200BEAD0B /* WaterfallViewLayout.m */; };
/* End PBXBuildFile section */

/* Begin PBXFileReference section */
		19B3117024A77A6B0069B925 /* WaterfallViewController.h */ = {isa = PBXFileReference; lastKnownFileType = sourcecode.c.h; path = WaterfallViewController.h; sourceTree = "<group>"; };
		19B3117124A77A6B0069B925 /* WaterfallViewController.m */ = {isa = PBXFileReference; lastKnownFileType = sourcecode.c.objc; path = WaterfallViewController.m; sourceTree = "<group>"; };
		19B3117324A77DCD0069B925 /* WaterfallViewCell.h */ = {isa = PBXFileReference; lastKnownFileType = sourcecode.c.h; path = WaterfallViewCell.h; sourceTree = "<group>"; };
		19B3117424A77DCD0069B925 /* WaterfallViewCell.m */ = {isa = PBXFileReference; lastKnownFileType = sourcecode.c.objc; path = WaterfallViewCell.m; sourceTree = "<group>"; };
		19E57BB4249F421900BEAD0B /* pictureviewer.app */ = {isa = PBXFileReference; explicitFileType = wrapper.application; includeInIndex = 0; path = pictureviewer.app; sourceTree = BUILT_PRODUCTS_DIR; };
		19E57BB7249F421900BEAD0B /* AppDelegate.h */ = {isa = PBXFileReference; lastKnownFileType = sourcecode.c.h; path = AppDelegate.h; sourceTree = "<group>"; };
		19E57BB8249F421900BEAD0B /* AppDelegate.m */ = {isa = PBXFileReference; lastKnownFileType = sourcecode.c.objc; path = AppDelegate.m; sourceTree = "<group>"; };
		19E57BBA249F421F00BEAD0B /* Assets.xcassets */ = {isa = PBXFileReference; lastKnownFileType = folder.assetcatalog; path = Assets.xcassets; sourceTree = "<group>"; };
		19E57BBD249F421F00BEAD0B /* Base */ = {isa = PBXFileReference; lastKnownFileType = file.storyboard; name = Base; path = Base.lproj/LaunchScreen.storyboard; sourceTree = "<group>"; };
		19E57BBF249F421F00BEAD0B /* Info.plist */ = {isa = PBXFileReference; lastKnownFileType = text.plist.xml; path = Info.plist; sourceTree = "<group>"; };
		19E57BC0249F421F00BEAD0B /* main.m */ = {isa = PBXFileReference; lastKnownFileType = sourcecode.c.objc; path = main.m; sourceTree = "<group>"; };
		19E57BCA249F5D8200BEAD0B /* WaterfallViewLayout.h */ = {isa = PBXFileReference; lastKnownFileType = sourcecode.c.h; path = WaterfallViewLayout.h; sourceTree = "<group>"; };
		19E57BCB249F5D8200BEAD0B /* WaterfallViewLayout.m */ = {isa = PBXFileReference; lastKnownFileType = sourcecode.c.objc; path = WaterfallViewLayout.m; sourceTree = "<group>"; };
/* End PBXFileReference section */

/* Begin PBXFrameworksBuildPhase section */
		19E57BB1249F421900BEAD0B /* Frameworks */ = {
			isa = PBXFrameworksBuildPhase;
			buildActionMask = 2147483647;
			files = (
			);
			runOnlyForDeploymentPostprocessing = 0;
		};
/* End PBXFrameworksBuildPhase section */

/* Begin PBXGroup section */
		19E57BAB249F421900BEAD0B = {
			isa = PBXGroup;
			children = (
				19E57BB6249F421900BEAD0B /* pictureviewer */,
				19E57BB5249F421900BEAD0B /* Products */,
			);
			sourceTree = "<group>";
		};
		19E57BB5249F421900BEAD0B /* Products */ = {
			isa = PBXGroup;
			children = (
				19E57BB4249F421900BEAD0B /* pictureviewer.app */,
			);
			name = Products;
			sourceTree = "<group>";
		};
		19E57BB6249F421900BEAD0B /* pictureviewer */ = {
			isa = PBXGroup;
			children = (
				19E57BB7249F421900BEAD0B /* AppDelegate.h */,
				19E57BB8249F421900BEAD0B /* AppDelegate.m */,
				19B3117024A77A6B0069B925 /* WaterfallViewController.h */,
				19B3117124A77A6B0069B925 /* WaterfallViewController.m */,
				19B3117324A77DCD0069B925 /* WaterfallViewCell.h */,
				19B3117424A77DCD0069B925 /* WaterfallViewCell.m */,
				19E57BCA249F5D8200BEAD0B /* WaterfallViewLayout.h */,
				19E57BCB249F5D8200BEAD0B /* WaterfallViewLayout.m */,
				19E57BBA249F421F00BEAD0B /* Assets.xcassets */,
				19E57BBC249F421F00BEAD0B /* LaunchScreen.storyboard */,
				19E57BBF249F421F00BEAD0B /* Info.plist */,
				19E57BC0249F421F00BEAD0B /* main.m */,
			);
			path = pictureviewer;
			sourceTree = "<group>";
		};
/* End PBXGroup section */

/* Begin PBXNativeTarget section */
		19E57BB3249F421900BEAD0B /* pictureviewer */ = {
			isa = PBXNativeTarget;
			buildConfigurationList = 19E57BC4249F421F00BEAD0B /* Build configuration list for PBXNativeTarget "pictureviewer" */;
			buildPhases = (
				19E57BB0249F421900BEAD0B /* Sources */,
				19E57BB1249F421900BEAD0B /* Frameworks */,
				19E57BB2249F421900BEAD0B /* Resources */,
			);
			buildRules = (
			);
			dependencies = (
			);
			name = pictureviewer;
			productName = pictureviewer;
			productReference = 19E57BB4249F421900BEAD0B /* pictureviewer.app */;
			productType = "com.apple.product-type.application";
		};
/* End PBXNativeTarget section */

/* Begin PBXProject section */
		19E57BAC249F421900BEAD0B /* Project object */ = {
			isa = PBXProject;
			attributes = {
				LastUpgradeCheck = 1150;
				ORGANIZATIONNAME = zxononame;
				TargetAttributes = {
					19E57BB3249F421900BEAD0B = {
						CreatedOnToolsVersion = 11.5;
					};
				};
			};
			buildConfigurationList = 19E57BAF249F421900BEAD0B /* Build configuration list for PBXProject "pictureviewer" */;
			compatibilityVersion = "Xcode 9.3";
			developmentRegion = en;
			hasScannedForEncodings = 0;
			knownRegions = (
				en,
				Base,
			);
			mainGroup = 19E57BAB249F421900BEAD0B;
			productRefGroup = 19E57BB5249F421900BEAD0B /* Products */;
			projectDirPath = "";
			projectRoot = "";
			targets = (
				19E57BB3249F421900BEAD0B /* pictureviewer */,
			);
		};
/* End PBXProject section */

/* Begin PBXResourcesBuildPhase section */
		19E57BB2249F421900BEAD0B /* Resources */ = {
			isa = PBXResourcesBuildPhase;
			buildActionMask = 2147483647;
			files = (
				19E57BBB249F421F00BEAD0B /* Assets.xcassets in Resources */,
				19E57BBE249F421F00BEAD0B /* LaunchScreen.storyboard in Resources */,
			);
			runOnlyForDeploymentPostprocessing = 0;
		};
/* End PBXResourcesBuildPhase section */

/* Begin PBXSourcesBuildPhase section */
		19E57BB0249F421900BEAD0B /* Sources */ = {
			isa = PBXSourcesBuildPhase;
			buildActionMask = 2147483647;
			files = (
				19E57BC1249F421F00BEAD0B /* main.m in Sources */,
				19B3117524A77DCD0069B925 /* WaterfallViewCell.m in Sources */,
				19B3117224A77A6B0069B925 /* WaterfallViewController.m in Sources */,
				19E57BCC249F5D8200BEAD0B /* WaterfallViewLayout.m in Sources */,
				19E57BB9249F421900BEAD0B /* AppDelegate.m in Sources */,
			);
			runOnlyForDeploymentPostprocessing = 0;
		};
/* End PBXSourcesBuildPhase section */

/* Begin PBXVariantGroup section */
		19E57BBC249F421F00BEAD0B /* LaunchScreen.storyboard */ = {
			isa = PBXVariantGroup;
			children = (
				19E57BBD249F421F00BEAD0B /* Base */,
			);
			name = LaunchScreen.storyboard;
			sourceTree = "<group>";
		};
/* End PBXVariantGroup section */

/* Begin XCBuildConfiguration section */
		19E57BC2249F421F00BEAD0B /* Debug */ = {
			isa = XCBuildConfiguration;
			buildSettings = {
				ALWAYS_SEARCH_USER_PATHS = NO;
				CLANG_ANALYZER_NONNULL = YES;
				CLANG_ANALYZER_NUMBER_OBJECT_CONVERSION = YES_AGGRESSIVE;
				CLANG_CXX_LANGUAGE_STANDARD = "gnu++14";
				CLANG_CXX_LIBRARY = "libc++";
				CLANG_ENABLE_MODULES = YES;
				CLANG_ENABLE_OBJC_ARC = YES;
				CLANG_ENABLE_OBJC_WEAK = YES;
				CLANG_WARN_BLOCK_CAPTURE_AUTORELEASING = YES;
				CLANG_WARN_BOOL_CONVERSION = YES;
				CLANG_WARN_COMMA = YES;
				CLANG_WARN_CONSTANT_CONVERSION = YES;
				CLANG_WARN_DEPRECATED_OBJC_IMPLEMENTATIONS = YES;
				CLANG_WARN_DIRECT_OBJC_ISA_USAGE = YES_ERROR;
				CLANG_WARN_DOCUMENTATION_COMMENTS = YES;
				CLANG_WARN_EMPTY_BODY = YES;
				CLANG_WARN_ENUM_CONVERSION = YES;
				CLANG_WARN_INFINITE_RECURSION = YES;
				CLANG_WARN_INT_CONVERSION = YES;
				CLANG_WARN_NON_LITERAL_NULL_CONVERSION = YES;
				CLANG_WARN_OBJC_IMPLICIT_RETAIN_SELF = YES;
				CLANG_WARN_OBJC_LITERAL_CONVERSION = YES;
				CLANG_WARN_OBJC_ROOT_CLASS = YES_ERROR;
				CLANG_WARN_RANGE_LOOP_ANALYSIS = YES;
				CLANG_WARN_STRICT_PROTOTYPES = YES;
				CLANG_WARN_SUSPICIOUS_MOVE = YES;
				CLANG_WARN_UNGUARDED_AVAILABILITY = YES_AGGRESSIVE;
				CLANG_WARN_UNREACHABLE_CODE = YES;
				CLANG_WARN__DUPLICATE_METHOD_MATCH = YES;
				COPY_PHASE_STRIP = NO;
				DEBUG_INFORMATION_FORMAT = dwarf;
				ENABLE_STRICT_OBJC_MSGSEND = YES;
				ENABLE_TESTABILITY = YES;
				GCC_C_LANGUAGE_STANDARD = gnu11;
				GCC_DYNAMIC_NO_PIC = NO;
				GCC_NO_COMMON_BLOCKS = YES;
				GCC_OPTIMIZATION_LEVEL = 0;
				GCC_PREPROCESSOR_DEFINITIONS = (
					"DEBUG=1",
					"$(inherited)",
				);
				GCC_WARN_64_TO_32_BIT_CONVERSION = YES;
				GCC_WARN_ABOUT_RETURN_TYPE = YES_ERROR;
				GCC_WARN_UNDECLARED_SELECTOR = YES;
				GCC_WARN_UNINITIALIZED_AUTOS = YES_AGGRESSIVE;
				GCC_WARN_UNUSED_FUNCTION = YES;
				GCC_WARN_UNUSED_VARIABLE = YES;
				IPHONEOS_DEPLOYMENT_TARGET = 13.5;
				MTL_ENABLE_DEBUG_INFO = INCLUDE_SOURCE;
				MTL_FAST_MATH = YES;
				ONLY_ACTIVE_ARCH = YES;
				SDKROOT = iphoneos;
			};
			name = Debug;
		};
		19E57BC3249F421F00BEAD0B /* Release */ = {
			isa = XCBuildConfiguration;
			buildSettings = {
				ALWAYS_SEARCH_USER_PATHS = NO;
				CLANG_ANALYZER_NONNULL = YES;
				CLANG_ANALYZER_NUMBER_OBJECT_CONVERSION = YES_AGGRESSIVE;
				CLANG_CXX_LANGUAGE_STANDARD = "gnu++14";
				CLANG_CXX_LIBRARY = "libc++";
				CLANG_ENABLE_MODULES = YES;
				CLANG_ENABLE_OBJC_ARC = YES;
				CLANG_ENABLE_OBJC_WEAK = YES;
				CLANG_WARN_BLOCK_CAPTURE_AUTORELEASING = YES;
				CLANG_WARN_BOOL_CONVERSION = YES;
				CLANG_WARN_COMMA = YES;
				CLANG_WARN_CONSTANT_CONVERSION = YES;
				CLANG_WARN_DEPRECATED_OBJC_IMPLEMENTATIONS = YES;
				CLANG_WARN_DIRECT_OBJC_ISA_USAGE = YES_ERROR;
				CLANG_WARN_DOCUMENTATION_COMMENTS = YES;
				CLANG_WARN_EMPTY_BODY = YES;
				CLANG_WARN_ENUM_CONVERSION = YES;
				CLANG_WARN_INFINITE_RECURSION = YES;
				CLANG_WARN_INT_CONVERSION = YES;
				CLANG_WARN_NON_LITERAL_NULL_CONVERSION = YES;
				CLANG_WARN_OBJC_IMPLICIT_RETAIN_SELF = YES;
				CLANG_WARN_OBJC_LITERAL_CONVERSION = YES;
				CLANG_WARN_OBJC_ROOT_CLASS = YES_ERROR;
				CLANG_WARN_RANGE_LOOP_ANALYSIS = YES;
				CLANG_WARN_STRICT_PROTOTYPES = YES;
				CLANG_WARN_SUSPICIOUS_MOVE = YES;
				CLANG_WARN_UNGUARDED_AVAILABILITY = YES_AGGRESSIVE;
				CLANG_WARN_UNREACHABLE_CODE = YES;
				CLANG_WARN__DUPLICATE_METHOD_MATCH = YES;
				COPY_PHASE_STRIP = NO;
				DEBUG_INFORMATION_FORMAT = "dwarf-with-dsym";
				ENABLE_NS_ASSERTIONS = NO;
				ENABLE_STRICT_OBJC_MSGSEND = YES;
				GCC_C_LANGUAGE_STANDARD = gnu11;
				GCC_NO_COMMON_BLOCKS = YES;
				GCC_WARN_64_TO_32_BIT_CONVERSION = YES;
				GCC_WARN_ABOUT_RETURN_TYPE = YES_ERROR;
				GCC_WARN_UNDECLARED_SELECTOR = YES;
				GCC_WARN_UNINITIALIZED_AUTOS = YES_AGGRESSIVE;
				GCC_WARN_UNUSED_FUNCTION = YES;
				GCC_WARN_UNUSED_VARIABLE = YES;
				IPHONEOS_DEPLOYMENT_TARGET = 13.5;
				MTL_ENABLE_DEBUG_INFO = NO;
				MTL_FAST_MATH = YES;
				SDKROOT = iphoneos;
				VALIDATE_PRODUCT = YES;
			};
			name = Release;
		};
		19E57BC5249F421F00BEAD0B /* Debug */ = {
			isa = XCBuildConfiguration;
			buildSettings = {
				ASSETCATALOG_COMPILER_APPICON_NAME = AppIcon;
				CODE_SIGN_STYLE = Automatic;
				INFOPLIST_FILE = pictureviewer/Info.plist;
				LD_RUNPATH_SEARCH_PATHS = (
					"$(inherited)",
					"@executable_path/Frameworks",
				);
				PRODUCT_BUNDLE_IDENTIFIER = noname.pictureviewer;
				PRODUCT_NAME = "$(TARGET_NAME)";
				TARGETED_DEVICE_FAMILY = "1,2";
			};
			name = Debug;
		};
		19E57BC6249F421F00BEAD0B /* Release */ = {
			isa = XCBuildConfiguration;
			buildSettings = {
				ASSETCATALOG_COMPILER_APPICON_NAME = AppIcon;
				CODE_SIGN_STYLE = Automatic;
				INFOPLIST_FILE = pictureviewer/Info.plist;
				LD_RUNPATH_SEARCH_PATHS = (
					"$(inherited)",
					"@executable_path/Frameworks",
				);
				PRODUCT_BUNDLE_IDENTIFIER = noname.pictureviewer;
				PRODUCT_NAME = "$(TARGET_NAME)";
				TARGETED_DEVICE_FAMILY = "1,2";
			};
			name = Release;
		};
/* End XCBuildConfiguration section */

/* Begin XCConfigurationList section */
		19E57BAF249F421900BEAD0B /* Build configuration list for PBXProject "pictureviewer" */ = {
			isa = XCConfigurationList;
			buildConfigurations = (
				19E57BC2249F421F00BEAD0B /* Debug */,
				19E57BC3249F421F00BEAD0B /* Release */,
			);
			defaultConfigurationIsVisible = 0;
			defaultConfigurationName = Release;
		};
		19E57BC4249F421F00BEAD0B /* Build configuration list for PBXNativeTarget "pictureviewer" */ = {
			isa = XCConfigurationList;
			buildConfigurations = (
				19E57BC5249F421F00BEAD0B /* Debug */,
				19E57BC6249F421F00BEAD0B /* Release */,
			);
			defaultConfigurationIsVisible = 0;
			defaultConfigurationName = Release;
		};
/* End XCConfigurationList section */
	};
	rootObject = 19E57BAC249F421900BEAD0B /* Project object */;
}
